
Microsoft Visual Studio Solution File, Format Version 12.00
# Visual Studio Version 17
VisualStudioVersion = 17.2.32630.192
MinimumVisualStudioVersion = 10.0.40219.1
Project("{13B669BE-BB05-4DDF-9536-439F39A36129}") = "PhpLibrary", "PhpLibrary\PhpLibrary.msbuildproj", "{728C5644-CAD1-4045-A319-EE186AA067A5}"
EndProject
Project("{9A19103F-16F7-4668-BE54-9A1E7A4F7556}") = "ConsoleApp", "ConsoleApp\ConsoleApp.csproj", "{F4DE0265-4D93-40CA-9424-79D458A75ACD}"
EndProject
Global
	GlobalSection(SolutionConfigurationPlatforms) = preSolution
		Debug|Any CPU = Debug|Any CPU
		Release|Any CPU = Release|Any CPU
	EndGlobalSection
	GlobalSection(ProjectConfigurationPlatforms) = postSolution
		{728C5644-CAD1-4045-A319-EE186AA067A5}.Debug|Any CPU.ActiveCfg = Debug|Any CPU
		{728C5644-CAD1-4045-A319-EE186AA067A5}.Debug|Any CPU.Build.0 = Debug|Any CPU
		{728C5644-CAD1-4045-A319-EE186AA067A5}.Release|Any CPU.ActiveCfg = Release|Any CPU
		{728C5644-CAD1-4045-A319-EE186AA067A5}.Release|Any CPU.Build.0 = Release|Any CPU
		{F4DE0265-4D93-40CA-9424-79D458A75ACD}.Debug|Any CPU.ActiveCfg = Debug|Any CPU
		{F4DE0265-4D93-40CA-9424-79D458A75ACD}.Debug|Any CPU.Build.0 = Debug|Any CPU
		{F4DE0265-4D93-40CA-9424-79D458A75ACD}.Release|Any CPU.ActiveCfg = Release|Any CPU
		{F4DE0265-4D93-40CA-9424-79D458A75ACD}.Release|Any CPU.Build.0 = Release|Any CPU
	EndGlobalSection
	GlobalSection(SolutionProperties) = preSolution
		HideSolutionNode = FALSE
	EndGlobalSection
	GlobalSection(ExtensibilityGlobals) = postSolution
		SolutionGuid = {E5FDBAEA-3CFE-468E-B98C-27A89A9A63CA}
	EndGlobalSection
EndGlobal
